
Microsoft Visual Studio Solution File, Format Version 12.00
# Visual Studio Version 17
VisualStudioVersion = 17.0.32112.339
MinimumVisualStudioVersion = 10.0.40219.1
Project("{FAE04EC0-301F-11D3-BF4B-00C04F79EFBC}") = "P1_Sudoku", "P1_Sudoku.csproj", "{3C1939D0-35F6-4B52-B61B-D03B25B30960}"
EndProject
Global
	GlobalSection(SolutionConfigurationPlatforms) = preSolution
		Debug|Any CPU = Debug|Any CPU
		Release|Any CPU = Release|Any CPU
	EndGlobalSection
	GlobalSection(ProjectConfigurationPlatforms) = postSolution
		{3C1939D0-35F6-4B52-B61B-D03B25B30960}.Debug|Any CPU.ActiveCfg = Debug|Any CPU
		{3C1939D0-35F6-4B52-B61B-D03B25B30960}.Debug|Any CPU.Build.0 = Debug|Any CPU
		{3C1939D0-35F6-4B52-B61B-D03B25B30960}.Release|Any CPU.ActiveCfg = Release|Any CPU
		{3C1939D0-35F6-4B52-B61B-D03B25B30960}.Release|Any CPU.Build.0 = Release|Any CPU
	EndGlobalSection
	GlobalSection(SolutionProperties) = preSolution
		HideSolutionNode = FALSE
	EndGlobalSection
	GlobalSection(ExtensibilityGlobals) = postSolution
		SolutionGuid = {EEBFB066-0BAB-4C39-99CE-D3A02212BFEA}
	EndGlobalSection
EndGlobal
