
Microsoft Visual Studio Solution File, Format Version 12.00
# Visual Studio Version 17
VisualStudioVersion = 17.8.34408.163
MinimumVisualStudioVersion = 10.0.40219.1
Project("{FAE04EC0-301F-11D3-BF4B-00C04F79EFBC}") = "szobeli-B", "szobeli-B.csproj", "{14BC84F5-720E-45A1-BE30-600BEED0959C}"
EndProject
Global
	GlobalSection(SolutionConfigurationPlatforms) = preSolution
		Debug|Any CPU = Debug|Any CPU
		Release|Any CPU = Release|Any CPU
	EndGlobalSection
	GlobalSection(ProjectConfigurationPlatforms) = postSolution
		{14BC84F5-720E-45A1-BE30-600BEED0959C}.Debug|Any CPU.ActiveCfg = Debug|Any CPU
		{14BC84F5-720E-45A1-BE30-600BEED0959C}.Debug|Any CPU.Build.0 = Debug|Any CPU
		{14BC84F5-720E-45A1-BE30-600BEED0959C}.Release|Any CPU.ActiveCfg = Release|Any CPU
		{14BC84F5-720E-45A1-BE30-600BEED0959C}.Release|Any CPU.Build.0 = Release|Any CPU
	EndGlobalSection
	GlobalSection(SolutionProperties) = preSolution
		HideSolutionNode = FALSE
	EndGlobalSection
	GlobalSection(ExtensibilityGlobals) = postSolution
		SolutionGuid = {6F5BE4C6-496C-4DF9-8753-A2DD65E4C40E}
	EndGlobalSection
EndGlobal
