
Microsoft Visual Studio Solution File, Format Version 12.00
# Visual Studio Version 17
VisualStudioVersion = 17.0.31919.166
MinimumVisualStudioVersion = 10.0.40219.1
Project("{FAE04EC0-301F-11D3-BF4B-00C04F79EFBC}") = "graf-kerites-udito_monopolium", "graf-kerites-udito_monopolium.csproj", "{94CEF456-2075-4385-AB75-F2C92C56409C}"
EndProject
Global
	GlobalSection(SolutionConfigurationPlatforms) = preSolution
		Debug|Any CPU = Debug|Any CPU
		Release|Any CPU = Release|Any CPU
	EndGlobalSection
	GlobalSection(ProjectConfigurationPlatforms) = postSolution
		{94CEF456-2075-4385-AB75-F2C92C56409C}.Debug|Any CPU.ActiveCfg = Debug|Any CPU
		{94CEF456-2075-4385-AB75-F2C92C56409C}.Debug|Any CPU.Build.0 = Debug|Any CPU
		{94CEF456-2075-4385-AB75-F2C92C56409C}.Release|Any CPU.ActiveCfg = Release|Any CPU
		{94CEF456-2075-4385-AB75-F2C92C56409C}.Release|Any CPU.Build.0 = Release|Any CPU
	EndGlobalSection
	GlobalSection(SolutionProperties) = preSolution
		HideSolutionNode = FALSE
	EndGlobalSection
	GlobalSection(ExtensibilityGlobals) = postSolution
		SolutionGuid = {DB174E06-A606-4DD3-8A85-F3F59E1B6123}
	EndGlobalSection
EndGlobal
